
Microsoft Visual Studio Solution File, Format Version 12.00
# Visual Studio Version 17
VisualStudioVersion = 17.5.33530.505
MinimumVisualStudioVersion = 10.0.40219.1
Project("{FAE04EC0-301F-11D3-BF4B-00C04F79EFBC}") = "BFF.Web", "BFF.Web\BFF.Web.csproj", "{7B95FD72-E442-43F5-B178-B33189272FA5}"
EndProject
Project("{FAE04EC0-301F-11D3-BF4B-00C04F79EFBC}") = "BFF.Mobile", "BFF.Mobile\BFF.Mobile.csproj", "{41434FC5-7D68-4EB4-B1E2-76488D8E8C00}"
EndProject
Global
	GlobalSection(SolutionConfigurationPlatforms) = preSolution
		Debug|Any CPU = Debug|Any CPU
		Release|Any CPU = Release|Any CPU
	EndGlobalSection
	GlobalSection(ProjectConfigurationPlatforms) = postSolution
		{7B95FD72-E442-43F5-B178-B33189272FA5}.Debug|Any CPU.ActiveCfg = Debug|Any CPU
		{7B95FD72-E442-43F5-B178-B33189272FA5}.Debug|Any CPU.Build.0 = Debug|Any CPU
		{7B95FD72-E442-43F5-B178-B33189272FA5}.Release|Any CPU.ActiveCfg = Release|Any CPU
		{7B95FD72-E442-43F5-B178-B33189272FA5}.Release|Any CPU.Build.0 = Release|Any CPU
		{41434FC5-7D68-4EB4-B1E2-76488D8E8C00}.Debug|Any CPU.ActiveCfg = Debug|Any CPU
		{41434FC5-7D68-4EB4-B1E2-76488D8E8C00}.Debug|Any CPU.Build.0 = Debug|Any CPU
		{41434FC5-7D68-4EB4-B1E2-76488D8E8C00}.Release|Any CPU.ActiveCfg = Release|Any CPU
		{41434FC5-7D68-4EB4-B1E2-76488D8E8C00}.Release|Any CPU.Build.0 = Release|Any CPU
	EndGlobalSection
	GlobalSection(SolutionProperties) = preSolution
		HideSolutionNode = FALSE
	EndGlobalSection
	GlobalSection(ExtensibilityGlobals) = postSolution
		SolutionGuid = {EBDF6A3B-282F-4DE3-A9F9-EEE297CC475C}
	EndGlobalSection
EndGlobal
